
Microsoft Visual Studio Solution File, Format Version 12.00
# Visual Studio Version 16
VisualStudioVersion = 16.0.31402.337
MinimumVisualStudioVersion = 10.0.40219.1
Project("{FAE04EC0-301F-11D3-BF4B-00C04F79EFBC}") = "BethanysPieShop", "BethanysPieShop.csproj", "{1E80ECFB-1DB6-44AE-94CC-1F8F792FFD4C}"
EndProject
Global
	GlobalSection(SolutionConfigurationPlatforms) = preSolution
		Debug|Any CPU = Debug|Any CPU
		Release|Any CPU = Release|Any CPU
	EndGlobalSection
	GlobalSection(ProjectConfigurationPlatforms) = postSolution
		{1E80ECFB-1DB6-44AE-94CC-1F8F792FFD4C}.Debug|Any CPU.ActiveCfg = Debug|Any CPU
		{1E80ECFB-1DB6-44AE-94CC-1F8F792FFD4C}.Debug|Any CPU.Build.0 = Debug|Any CPU
		{1E80ECFB-1DB6-44AE-94CC-1F8F792FFD4C}.Release|Any CPU.ActiveCfg = Release|Any CPU
		{1E80ECFB-1DB6-44AE-94CC-1F8F792FFD4C}.Release|Any CPU.Build.0 = Release|Any CPU
	EndGlobalSection
	GlobalSection(SolutionProperties) = preSolution
		HideSolutionNode = FALSE
	EndGlobalSection
	GlobalSection(ExtensibilityGlobals) = postSolution
		SolutionGuid = {BF0910DB-0C51-42AC-9048-114D1F0668CE}
	EndGlobalSection
EndGlobal
